<?xml version="1.0" encoding="utf-8"?>
<Project ToolsVersion="4.0" xmlns="http://schemas.microsoft.com/developer/msbuild/2003">
  <ItemGroup>
    <Filter Include="소스 파일">
      <UniqueIdentifier>{4FC737F1-C7A5-4376-A066-2A32D752A2FF}</UniqueIdentifier>
      <Extensions>cpp;c;cc;cxx;c++;cppm;ixx;def;odl;idl;hpj;bat;asm;asmx</Extensions>
    </Filter>
    <Filter Include="헤더 파일">
      <UniqueIdentifier>{93995380-89BD-4b04-88EB-625FBE52EBFB}</UniqueIdentifier>
      <Extensions>h;hh;hpp;hxx;h++;hm;inl;inc;ipp;xsd</Extensions>
    </Filter>
    <Filter Include="리소스 파일">
      <UniqueIdentifier>{67DA6AB6-F800-4c08-8B7A-83BB121AAD01}</UniqueIdentifier>
      <Extensions>rc;ico;cur;bmp;dlg;rc2;rct;bin;rgs;gif;jpg;jpeg;jpe;resx;tiff;tif;png;wav;mfcribbon-ms</Extensions>
    </Filter>
    <Filter Include="소스 파일\chap1">
      <UniqueIdentifier>{485aa2a6-77b6-40c3-8fae-c7564a4bf79b}</UniqueIdentifier>
    </Filter>
    <Filter Include="소스 파일\chap2">
      <UniqueIdentifier>{7a8f752c-b526-43c6-b887-2a8429fd7c49}</UniqueIdentifier>
    </Filter>
    <Filter Include="소스 파일\chap3">
      <UniqueIdentifier>{172fe42c-87ee-45fd-8bb2-9e8b66e353bf}</UniqueIdentifier>
    </Filter>
  </ItemGroup>
  <ItemGroup>
    <ClCompile Include="0to100Random.cpp">
      <Filter>소스 파일\chap1</Filter>
    </ClCompile>
    <ClCompile Include="Nand3N.cpp">
      <Filter>소스 파일\chap1</Filter>
    </ClCompile>
    <ClCompile Include="N2.cpp">
      <Filter>소스 파일\chap1</Filter>
    </ClCompile>
    <ClCompile Include="practiceDebug.cpp">
      <Filter>소스 파일\chap2</Filter>
    </ClCompile>
    <ClCompile Include="UseVector.cpp">
      <Filter>소스 파일\chap3</Filter>
    </ClCompile>
    <ClCompile Include="pro1.cpp">
      <Filter>소스 파일\chap3</Filter>
    </ClCompile>
    <ClCompile Include="pro2.cpp">
      <Filter>소스 파일\chap3</Filter>
    </ClCompile>
    <ClCompile Include="pro3.cpp">
      <Filter>소스 파일\chap3</Filter>
    </ClCompile>
    <ClCompile Include="pro4.cpp">
      <Filter>소스 파일\chap3</Filter>
    </ClCompile>
    <ClCompile Include="pro5.cpp">
      <Filter>소스 파일\chap3</Filter>
    </ClCompile>
    <ClCompile Include="pro6.cpp">
      <Filter>소스 파일\chap3</Filter>
    </ClCompile>
  </ItemGroup>
</Project>